{
  "version": 1,
  "dependencies": {
    "net8.0-windows7.0": {
      "MouseKeyHook": {
        "type": "Direct",
        "requested": "[5.7.1, )",
        "resolved": "5.7.1",
        "contentHash": "c0VhB6cbcOpMOcoCQmvPMVqxaH76S4IPHwpbCIY7XKUNimdj9+81rX+Evnu5O53xYgUvdD7g0qmlVeZP2wGCnA=="
      },
      "mwinapi": {
        "type": "Direct",
        "requested": "[0.3.0.6, )",
        "resolved": "0.3.0.6",
        "contentHash": "ifbh/zHTsN+hrT2kBE4he8+Bq9DS/9b8tA0aVIdJCOK3Y4O0hdFtZSiQHpJX1YkH4/JMmF0V5hHQDahS5i9U1g==",
        "dependencies": {
          "System.Management": "6.0.0"
        }
      },
      "SimWinKeyboard": {
        "type": "Direct",
        "requested": "[1.2.1, )",
        "resolved": "1.2.1",
        "contentHash": "v1KIpNVil3u4wg4amiJGWL3TicKOwbCIl2I5How4qeZo6KuSmmR63KeN0aNNz2hPBbCDwdLX+66BrrHcCvxwRg=="
      },
      "ThrottleDebounce": {
        "type": "Direct",
        "requested": "[3.0.0-beta6, )",
        "resolved": "3.0.0-beta6",
        "contentHash": "hLr071LwvbfwNvjsnEb5FP7BNnmu4qG6++ZHAdVEaLCv01BQ9m3G1PLKv/C8DPJ9hFcs+3EUNh+c9/Lg459HIw==",
        "dependencies": {
          "Microsoft.CSharp": "4.7.0"
        }
      },
      "Unfucked.DI": {
        "type": "Direct",
        "requested": "[0.0.1-beta.19, )",
        "resolved": "0.0.1-beta.19",
        "contentHash": "PedFzjJgx2qTiwzX963dEwbnUigd2IhBtit4OH7OwBiqqiD9Ohva9TkE3xB7WzEl6IsYHKLAVz8SJB4DCtd60g==",
        "dependencies": {
          "Unfucked": "0.0.1-beta.50"
        }
      },
      "Unfucked.HTTP": {
        "type": "Direct",
        "requested": "[0.0.1-beta.33, )",
        "resolved": "0.0.1-beta.33",
        "contentHash": "EhS1b26NamzYMzq+hy67jvWYXxm1EM2Bw6zojABZG664UWkOPfg1mz8F13Usm7iDhSvaaGxzAIrpa5Vau/PRRg==",
        "dependencies": {
          "Unfucked": "0.0.1-beta.50"
        }
      },
      "Unfucked.Windows": {
        "type": "Direct",
        "requested": "[0.0.1-beta.11, )",
        "resolved": "0.0.1-beta.11",
        "contentHash": "lb6D6VI8pFcuP9Y71jsGNIsZGJLU77aRyj5nmkC2HRDBDaMqAvYkX7zuOfWDnBBPcw30Qcs/FuhRneJejBLS7Q==",
        "dependencies": {
          "ThrottleDebounce": "3.0.0-beta6",
          "Unfucked": "0.0.1-beta.40",
          "mwinapi": "0.3.0.6"
        }
      },
      "Microsoft.CSharp": {
        "type": "Transitive",
        "resolved": "4.7.0",
        "contentHash": "pTj+D3uJWyN3My70i2Hqo+OXixq3Os2D1nJ2x92FFo6sk8fYS1m1WLNTs0Dc1uPaViH0YvEEwvzddQ7y4rhXmA=="
      },
      "System.CodeDom": {
        "type": "Transitive",
        "resolved": "6.0.0",
        "contentHash": "CPc6tWO1LAer3IzfZufDBRL+UZQcj5uS207NHALQzP84Vp/z6wF0Aa0YZImOQY8iStY0A2zI/e3ihKNPfUm8XA=="
      },
      "System.Management": {
        "type": "Transitive",
        "resolved": "6.0.0",
        "contentHash": "sHsESYMmPDhQuOC66h6AEOs/XowzKsbT9srMbX71TCXP58hkpn1BqBjdmKj1+DCA/WlBETX1K5WjQHwmV0Txrg==",
        "dependencies": {
          "System.CodeDom": "6.0.0"
        }
      },
      "Unfucked": {
        "type": "Transitive",
        "resolved": "0.0.1-beta.50",
        "contentHash": "0rMvVIhB9RNv88XdKBMRb7AVK0CHb8fk22TwFyPjQ7YXAKuQxpjGgMBIQn+TCJQx48KtFEUC5gU1lzByezhprQ=="
      }
    },
    "net8.0-windows7.0/win-x64": {
      "System.Management": {
        "type": "Transitive",
        "resolved": "6.0.0",
        "contentHash": "sHsESYMmPDhQuOC66h6AEOs/XowzKsbT9srMbX71TCXP58hkpn1BqBjdmKj1+DCA/WlBETX1K5WjQHwmV0Txrg==",
        "dependencies": {
          "System.CodeDom": "6.0.0"
        }
      }
    }
  }
}