{
  "version": 1,
  "dependencies": {
    "net8.0-windows7.0": {
      "MouseKeyHook": {
        "type": "Direct",
        "requested": "[5.7.1, )",
        "resolved": "5.7.1",
        "contentHash": "c0VhB6cbcOpMOcoCQmvPMVqxaH76S4IPHwpbCIY7XKUNimdj9+81rX+Evnu5O53xYgUvdD7g0qmlVeZP2wGCnA=="
      },
      "mwinapi": {
        "type": "Direct",
        "requested": "[0.3.0.5, )",
        "resolved": "0.3.0.5",
        "contentHash": "jb1ox29TMcxe0klNF5yui+ehXHUdEZOuykYaoGI9Okt0s7K5bNWxOzqsng0VVVvvFnW9wNfS4hWYOsE9Xup0GQ==",
        "dependencies": {
          "System.Management": "6.0.0"
        }
      },
      "SimWinKeyboard": {
        "type": "Direct",
        "requested": "[1.0.3, )",
        "resolved": "1.0.3",
        "contentHash": "3KCgrnEhSsP9dDorWYr5srSrg4zbWfCOPmJ1kUgd9m0EQIx7ZVM1rwMPH5ghVvjvy7RxInV2OZNL8diur0qliw=="
      },
      "ThrottleDebounce": {
        "type": "Direct",
        "requested": "[3.0.0-beta5, )",
        "resolved": "3.0.0-beta5",
        "contentHash": "hvmR5CBGzzRAO+jJBkZuPUfXeChZRR9X2vfVLYEo7CffFV2oz4yuX9sj80GqH6oxj5KYXodJ+oGaYOtIE+H5tw=="
      },
      "Unfucked.DI": {
        "type": "Direct",
        "requested": "[0.0.1-beta.6, )",
        "resolved": "0.0.1-beta.6",
        "contentHash": "aPteQ2lE9jX7xGT9CtK2zUuaTrNOaNGlosD+M2qGLDsyrIEvFlO7nT/WeZ9zWHK+bdRvN1jxwSmOLTME54lH5A==",
        "dependencies": {
          "Unfucked": "0.0.1-beta.9"
        }
      },
      "Unfucked.HTTP": {
        "type": "Direct",
        "requested": "[0.0.1-beta.7, )",
        "resolved": "0.0.1-beta.7",
        "contentHash": "s8AoAB+oaCKgmUeCrKiuLq3mO1vCIUsZ4FQ/Fg/HVFwKAT/MIgf9WRvg/ZncvZKICpZbv1ABqqerfETAkMin0A==",
        "dependencies": {
          "System.Text.Json": "8.0.5",
          "Unfucked": "0.0.1-beta.9"
        }
      },
      "Unfucked.Windows": {
        "type": "Direct",
        "requested": "[0.0.1-beta.4, )",
        "resolved": "0.0.1-beta.4",
        "contentHash": "px3hJerLI9i+OyoiP86Q/nH9DEL7cQlOhGNddu8yPLvZnI8sFzUEZ4U7TdS2vOWgmNfPwH3PAqFtT5KFZl826w==",
        "dependencies": {
          "ThrottleDebounce": "3.0.0-beta3",
          "Unfucked": "0.0.1-beta.9",
          "mwinapi": "0.3.0.5"
        }
      },
      "System.CodeDom": {
        "type": "Transitive",
        "resolved": "6.0.0",
        "contentHash": "CPc6tWO1LAer3IzfZufDBRL+UZQcj5uS207NHALQzP84Vp/z6wF0Aa0YZImOQY8iStY0A2zI/e3ihKNPfUm8XA=="
      },
      "System.Management": {
        "type": "Transitive",
        "resolved": "6.0.0",
        "contentHash": "sHsESYMmPDhQuOC66h6AEOs/XowzKsbT9srMbX71TCXP58hkpn1BqBjdmKj1+DCA/WlBETX1K5WjQHwmV0Txrg==",
        "dependencies": {
          "System.CodeDom": "6.0.0"
        }
      },
      "System.Text.Json": {
        "type": "Transitive",
        "resolved": "8.0.5",
        "contentHash": "0f1B50Ss7rqxXiaBJyzUu9bWFOO2/zSlifZ/UNMdiIpDYe4cY4LQQicP4nirK1OS31I43rn062UIJ1Q9bpmHpg=="
      },
      "Unfucked": {
        "type": "Transitive",
        "resolved": "0.0.1-beta.9",
        "contentHash": "rwjRGKTGiwK5ZASsGFi3iKcJNMvALBlJ0HZzt7We0d8mfL0TgXpfXE+Icg97jvtJdHmH1pc446tb27LULFJKTQ=="
      }
    },
    "net8.0-windows7.0/win-x64": {
      "System.Management": {
        "type": "Transitive",
        "resolved": "6.0.0",
        "contentHash": "sHsESYMmPDhQuOC66h6AEOs/XowzKsbT9srMbX71TCXP58hkpn1BqBjdmKj1+DCA/WlBETX1K5WjQHwmV0Txrg==",
        "dependencies": {
          "System.CodeDom": "6.0.0"
        }
      }
    }
  }
}